
Microsoft Visual Studio Solution File, Format Version 12.00
# Visual Studio Version 17
VisualStudioVersion = 17.0.31903.59
MinimumVisualStudioVersion = 10.0.40219.1
Project("{2150E333-8FDC-42A3-9474-1A3956D46DE8}") = "src", "src", "{827E0CD3-B72D-47B6-A68D-7590B98EB39B}"
EndProject
Project("{2150E333-8FDC-42A3-9474-1A3956D46DE8}") = "shared", "shared", "{C8E42992-5E42-0C2B-DBFE-AA848D06431C}"
EndProject
Project("{FAE04EC0-301F-11D3-BF4B-00C04F79EFBC}") = "Sapphire.Shared.Kernel", "src\shared\Sapphire.Shared.Kernel\Sapphire.Shared.Kernel.csproj", "{D8D01807-D3F4-4389-9426-387411EA5EA0}"
EndProject
Project("{FAE04EC0-301F-11D3-BF4B-00C04F79EFBC}") = "Sapphire.Shared.Abstractions", "src\shared\Sapphire.Shared.Abstractions\Sapphire.Shared.Abstractions.csproj", "{0F454BC9-8FB8-425C-90DA-B79DB2E5E09E}"
EndProject
Project("{FAE04EC0-301F-11D3-BF4B-00C04F79EFBC}") = "Sapphire.Shared.Security", "src\shared\Sapphire.Shared.Security\Sapphire.Shared.Security.csproj", "{6EE9748E-0A66-470C-9961-01C681BCA564}"
EndProject
Project("{FAE04EC0-301F-11D3-BF4B-00C04F79EFBC}") = "Sapphire.Shared.Messaging", "src\shared\Sapphire.Shared.Messaging\Sapphire.Shared.Messaging.csproj", "{3E890078-D17C-45EE-9B31-3F0BE066C31E}"
EndProject
Project("{FAE04EC0-301F-11D3-BF4B-00C04F79EFBC}") = "Sapphire.Shared.Observability", "src\shared\Sapphire.Shared.Observability\Sapphire.Shared.Observability.csproj", "{9305D083-E5A4-47B6-B3D3-B40EAF973C83}"
EndProject
Project("{2150E333-8FDC-42A3-9474-1A3956D46DE8}") = "services", "services", "{984BB9B3-3FA3-BE33-9484-CAC21695A33C}"
EndProject
Project("{2150E333-8FDC-42A3-9474-1A3956D46DE8}") = "Auth", "Auth", "{473EF3C4-73FA-6715-AA3C-7C7929374EED}"
EndProject
Project("{FAE04EC0-301F-11D3-BF4B-00C04F79EFBC}") = "Sapphire.Auth.Api", "src\services\Auth\Sapphire.Auth.Api\Sapphire.Auth.Api.csproj", "{20455E29-6556-4FF9-8D7A-EFA4571088BB}"
EndProject
Project("{FAE04EC0-301F-11D3-BF4B-00C04F79EFBC}") = "Sapphire.Auth.Domain", "src\services\Auth\Sapphire.Auth.Domain\Sapphire.Auth.Domain.csproj", "{7E863304-69B0-4E57-8D7D-3E23A2F9C141}"
EndProject
Project("{FAE04EC0-301F-11D3-BF4B-00C04F79EFBC}") = "Sapphire.Auth.Application", "src\services\Auth\Sapphire.Auth.Application\Sapphire.Auth.Application.csproj", "{CD83A924-A98C-4614-9BC6-6F94EA758BAA}"
EndProject
Project("{FAE04EC0-301F-11D3-BF4B-00C04F79EFBC}") = "Sapphire.Auth.Infrastructure", "src\services\Auth\Sapphire.Auth.Infrastructure\Sapphire.Auth.Infrastructure.csproj", "{CB8CDE9E-6935-4120-8D8E-249C4DDDDB42}"
EndProject
Project("{2150E333-8FDC-42A3-9474-1A3956D46DE8}") = "Session", "Session", "{41E338FB-065E-69DD-AFA9-E0BE7D46B2E7}"
EndProject
Project("{FAE04EC0-301F-11D3-BF4B-00C04F79EFBC}") = "Sapphire.Session.Api", "src\services\Session\Sapphire.Session.Api\Sapphire.Session.Api.csproj", "{629537F4-2E7A-4D08-B508-73A6728579DA}"
EndProject
Project("{FAE04EC0-301F-11D3-BF4B-00C04F79EFBC}") = "Sapphire.Session.Domain", "src\services\Session\Sapphire.Session.Domain\Sapphire.Session.Domain.csproj", "{6C7B2275-E566-46DA-ACEB-54785C98FABB}"
EndProject
Project("{FAE04EC0-301F-11D3-BF4B-00C04F79EFBC}") = "Sapphire.Session.Application", "src\services\Session\Sapphire.Session.Application\Sapphire.Session.Application.csproj", "{10C2B35B-EDCC-47EC-A885-0E6E2EE5CB79}"
EndProject
Project("{FAE04EC0-301F-11D3-BF4B-00C04F79EFBC}") = "Sapphire.Session.Infrastructure", "src\services\Session\Sapphire.Session.Infrastructure\Sapphire.Session.Infrastructure.csproj", "{6617F184-151C-442F-90A5-678D7E1EA15C}"
EndProject
Project("{2150E333-8FDC-42A3-9474-1A3956D46DE8}") = "Billing", "Billing", "{4C902802-2FC6-EF27-4074-A21717AF62F0}"
EndProject
Project("{FAE04EC0-301F-11D3-BF4B-00C04F79EFBC}") = "Sapphire.Billing.Api", "src\services\Billing\Sapphire.Billing.Api\Sapphire.Billing.Api.csproj", "{19431398-D85D-43AD-87A4-C990EC01B888}"
EndProject
Project("{FAE04EC0-301F-11D3-BF4B-00C04F79EFBC}") = "Sapphire.Billing.Domain", "src\services\Billing\Sapphire.Billing.Domain\Sapphire.Billing.Domain.csproj", "{83970F23-E62A-4FB5-87CE-CC4F79EF7205}"
EndProject
Project("{FAE04EC0-301F-11D3-BF4B-00C04F79EFBC}") = "Sapphire.Billing.Application", "src\services\Billing\Sapphire.Billing.Application\Sapphire.Billing.Application.csproj", "{650A4464-9595-4FA0-9101-27F9BED25815}"
EndProject
Project("{FAE04EC0-301F-11D3-BF4B-00C04F79EFBC}") = "Sapphire.Billing.Infrastructure", "src\services\Billing\Sapphire.Billing.Infrastructure\Sapphire.Billing.Infrastructure.csproj", "{61DDB1C6-D1C9-4829-BBA4-1254AA08E0E7}"
EndProject
Project("{2150E333-8FDC-42A3-9474-1A3956D46DE8}") = "clients", "clients", "{00B920E4-100F-D869-D8B1-04B3A2ED45DA}"
EndProject
Project("{FAE04EC0-301F-11D3-BF4B-00C04F79EFBC}") = "Sapphire.Client.Desktop", "src\clients\Sapphire.Client.Desktop\Sapphire.Client.Desktop.csproj", "{9AE61545-2177-4917-9356-593C106E59D4}"
EndProject
Project("{2150E333-8FDC-42A3-9474-1A3956D46DE8}") = "tests", "tests", "{0AB3BF05-4346-4AA6-1389-037BE0695223}"
EndProject
Project("{FAE04EC0-301F-11D3-BF4B-00C04F79EFBC}") = "Sapphire.E2E.Tests", "tests\Sapphire.E2E.Tests\Sapphire.E2E.Tests.csproj", "{BB03D98C-1D88-4E48-B362-3AE7580CACA1}"
EndProject
Project("{FAE04EC0-301F-11D3-BF4B-00C04F79EFBC}") = "Sapphire.Architecture.Tests", "tests\Sapphire.Architecture.Tests\Sapphire.Architecture.Tests.csproj", "{87DA2A34-3C72-4C2D-8CD4-345A605F98DB}"
EndProject
Global
	GlobalSection(SolutionConfigurationPlatforms) = preSolution
		Debug|Any CPU = Debug|Any CPU
		Debug|x64 = Debug|x64
		Debug|x86 = Debug|x86
		Release|Any CPU = Release|Any CPU
		Release|x64 = Release|x64
		Release|x86 = Release|x86
	EndGlobalSection
	GlobalSection(ProjectConfigurationPlatforms) = postSolution
		{D8D01807-D3F4-4389-9426-387411EA5EA0}.Debug|Any CPU.ActiveCfg = Debug|Any CPU
		{D8D01807-D3F4-4389-9426-387411EA5EA0}.Debug|Any CPU.Build.0 = Debug|Any CPU
		{D8D01807-D3F4-4389-9426-387411EA5EA0}.Debug|x64.ActiveCfg = Debug|Any CPU
		{D8D01807-D3F4-4389-9426-387411EA5EA0}.Debug|x64.Build.0 = Debug|Any CPU
		{D8D01807-D3F4-4389-9426-387411EA5EA0}.Debug|x86.ActiveCfg = Debug|Any CPU
		{D8D01807-D3F4-4389-9426-387411EA5EA0}.Debug|x86.Build.0 = Debug|Any CPU
		{D8D01807-D3F4-4389-9426-387411EA5EA0}.Release|Any CPU.ActiveCfg = Release|Any CPU
		{D8D01807-D3F4-4389-9426-387411EA5EA0}.Release|Any CPU.Build.0 = Release|Any CPU
		{D8D01807-D3F4-4389-9426-387411EA5EA0}.Release|x64.ActiveCfg = Release|Any CPU
		{D8D01807-D3F4-4389-9426-387411EA5EA0}.Release|x64.Build.0 = Release|Any CPU
		{D8D01807-D3F4-4389-9426-387411EA5EA0}.Release|x86.ActiveCfg = Release|Any CPU
		{D8D01807-D3F4-4389-9426-387411EA5EA0}.Release|x86.Build.0 = Release|Any CPU
		{0F454BC9-8FB8-425C-90DA-B79DB2E5E09E}.Debug|Any CPU.ActiveCfg = Debug|Any CPU
		{0F454BC9-8FB8-425C-90DA-B79DB2E5E09E}.Debug|Any CPU.Build.0 = Debug|Any CPU
		{0F454BC9-8FB8-425C-90DA-B79DB2E5E09E}.Debug|x64.ActiveCfg = Debug|Any CPU
		{0F454BC9-8FB8-425C-90DA-B79DB2E5E09E}.Debug|x64.Build.0 = Debug|Any CPU
		{0F454BC9-8FB8-425C-90DA-B79DB2E5E09E}.Debug|x86.ActiveCfg = Debug|Any CPU
		{0F454BC9-8FB8-425C-90DA-B79DB2E5E09E}.Debug|x86.Build.0 = Debug|Any CPU
		{0F454BC9-8FB8-425C-90DA-B79DB2E5E09E}.Release|Any CPU.ActiveCfg = Release|Any CPU
		{0F454BC9-8FB8-425C-90DA-B79DB2E5E09E}.Release|Any CPU.Build.0 = Release|Any CPU
		{0F454BC9-8FB8-425C-90DA-B79DB2E5E09E}.Release|x64.ActiveCfg = Release|Any CPU
		{0F454BC9-8FB8-425C-90DA-B79DB2E5E09E}.Release|x64.Build.0 = Release|Any CPU
		{0F454BC9-8FB8-425C-90DA-B79DB2E5E09E}.Release|x86.ActiveCfg = Release|Any CPU
		{0F454BC9-8FB8-425C-90DA-B79DB2E5E09E}.Release|x86.Build.0 = Release|Any CPU
		{6EE9748E-0A66-470C-9961-01C681BCA564}.Debug|Any CPU.ActiveCfg = Debug|Any CPU
		{6EE9748E-0A66-470C-9961-01C681BCA564}.Debug|Any CPU.Build.0 = Debug|Any CPU
		{6EE9748E-0A66-470C-9961-01C681BCA564}.Debug|x64.ActiveCfg = Debug|Any CPU
		{6EE9748E-0A66-470C-9961-01C681BCA564}.Debug|x64.Build.0 = Debug|Any CPU
		{6EE9748E-0A66-470C-9961-01C681BCA564}.Debug|x86.ActiveCfg = Debug|Any CPU
		{6EE9748E-0A66-470C-9961-01C681BCA564}.Debug|x86.Build.0 = Debug|Any CPU
		{6EE9748E-0A66-470C-9961-01C681BCA564}.Release|Any CPU.ActiveCfg = Release|Any CPU
		{6EE9748E-0A66-470C-9961-01C681BCA564}.Release|Any CPU.Build.0 = Release|Any CPU
		{6EE9748E-0A66-470C-9961-01C681BCA564}.Release|x64.ActiveCfg = Release|Any CPU
		{6EE9748E-0A66-470C-9961-01C681BCA564}.Release|x64.Build.0 = Release|Any CPU
		{6EE9748E-0A66-470C-9961-01C681BCA564}.Release|x86.ActiveCfg = Release|Any CPU
		{6EE9748E-0A66-470C-9961-01C681BCA564}.Release|x86.Build.0 = Release|Any CPU
		{3E890078-D17C-45EE-9B31-3F0BE066C31E}.Debug|Any CPU.ActiveCfg = Debug|Any CPU
		{3E890078-D17C-45EE-9B31-3F0BE066C31E}.Debug|Any CPU.Build.0 = Debug|Any CPU
		{3E890078-D17C-45EE-9B31-3F0BE066C31E}.Debug|x64.ActiveCfg = Debug|Any CPU
		{3E890078-D17C-45EE-9B31-3F0BE066C31E}.Debug|x64.Build.0 = Debug|Any CPU
		{3E890078-D17C-45EE-9B31-3F0BE066C31E}.Debug|x86.ActiveCfg = Debug|Any CPU
		{3E890078-D17C-45EE-9B31-3F0BE066C31E}.Debug|x86.Build.0 = Debug|Any CPU
		{3E890078-D17C-45EE-9B31-3F0BE066C31E}.Release|Any CPU.ActiveCfg = Release|Any CPU
		{3E890078-D17C-45EE-9B31-3F0BE066C31E}.Release|Any CPU.Build.0 = Release|Any CPU
		{3E890078-D17C-45EE-9B31-3F0BE066C31E}.Release|x64.ActiveCfg = Release|Any CPU
		{3E890078-D17C-45EE-9B31-3F0BE066C31E}.Release|x64.Build.0 = Release|Any CPU
		{3E890078-D17C-45EE-9B31-3F0BE066C31E}.Release|x86.ActiveCfg = Release|Any CPU
		{3E890078-D17C-45EE-9B31-3F0BE066C31E}.Release|x86.Build.0 = Release|Any CPU
		{9305D083-E5A4-47B6-B3D3-B40EAF973C83}.Debug|Any CPU.ActiveCfg = Debug|Any CPU
		{9305D083-E5A4-47B6-B3D3-B40EAF973C83}.Debug|Any CPU.Build.0 = Debug|Any CPU
		{9305D083-E5A4-47B6-B3D3-B40EAF973C83}.Debug|x64.ActiveCfg = Debug|Any CPU
		{9305D083-E5A4-47B6-B3D3-B40EAF973C83}.Debug|x64.Build.0 = Debug|Any CPU
		{9305D083-E5A4-47B6-B3D3-B40EAF973C83}.Debug|x86.ActiveCfg = Debug|Any CPU
		{9305D083-E5A4-47B6-B3D3-B40EAF973C83}.Debug|x86.Build.0 = Debug|Any CPU
		{9305D083-E5A4-47B6-B3D3-B40EAF973C83}.Release|Any CPU.ActiveCfg = Release|Any CPU
		{9305D083-E5A4-47B6-B3D3-B40EAF973C83}.Release|Any CPU.Build.0 = Release|Any CPU
		{9305D083-E5A4-47B6-B3D3-B40EAF973C83}.Release|x64.ActiveCfg = Release|Any CPU
		{9305D083-E5A4-47B6-B3D3-B40EAF973C83}.Release|x64.Build.0 = Release|Any CPU
		{9305D083-E5A4-47B6-B3D3-B40EAF973C83}.Release|x86.ActiveCfg = Release|Any CPU
		{9305D083-E5A4-47B6-B3D3-B40EAF973C83}.Release|x86.Build.0 = Release|Any CPU
		{20455E29-6556-4FF9-8D7A-EFA4571088BB}.Debug|Any CPU.ActiveCfg = Debug|Any CPU
		{20455E29-6556-4FF9-8D7A-EFA4571088BB}.Debug|Any CPU.Build.0 = Debug|Any CPU
		{20455E29-6556-4FF9-8D7A-EFA4571088BB}.Debug|x64.ActiveCfg = Debug|Any CPU
		{20455E29-6556-4FF9-8D7A-EFA4571088BB}.Debug|x64.Build.0 = Debug|Any CPU
		{20455E29-6556-4FF9-8D7A-EFA4571088BB}.Debug|x86.ActiveCfg = Debug|Any CPU
		{20455E29-6556-4FF9-8D7A-EFA4571088BB}.Debug|x86.Build.0 = Debug|Any CPU
		{20455E29-6556-4FF9-8D7A-EFA4571088BB}.Release|Any CPU.ActiveCfg = Release|Any CPU
		{20455E29-6556-4FF9-8D7A-EFA4571088BB}.Release|Any CPU.Build.0 = Release|Any CPU
		{20455E29-6556-4FF9-8D7A-EFA4571088BB}.Release|x64.ActiveCfg = Release|Any CPU
		{20455E29-6556-4FF9-8D7A-EFA4571088BB}.Release|x64.Build.0 = Release|Any CPU
		{20455E29-6556-4FF9-8D7A-EFA4571088BB}.Release|x86.ActiveCfg = Release|Any CPU
		{20455E29-6556-4FF9-8D7A-EFA4571088BB}.Release|x86.Build.0 = Release|Any CPU
		{7E863304-69B0-4E57-8D7D-3E23A2F9C141}.Debug|Any CPU.ActiveCfg = Debug|Any CPU
		{7E863304-69B0-4E57-8D7D-3E23A2F9C141}.Debug|Any CPU.Build.0 = Debug|Any CPU
		{7E863304-69B0-4E57-8D7D-3E23A2F9C141}.Debug|x64.ActiveCfg = Debug|Any CPU
		{7E863304-69B0-4E57-8D7D-3E23A2F9C141}.Debug|x64.Build.0 = Debug|Any CPU
		{7E863304-69B0-4E57-8D7D-3E23A2F9C141}.Debug|x86.ActiveCfg = Debug|Any CPU
		{7E863304-69B0-4E57-8D7D-3E23A2F9C141}.Debug|x86.Build.0 = Debug|Any CPU
		{7E863304-69B0-4E57-8D7D-3E23A2F9C141}.Release|Any CPU.ActiveCfg = Release|Any CPU
		{7E863304-69B0-4E57-8D7D-3E23A2F9C141}.Release|Any CPU.Build.0 = Release|Any CPU
		{7E863304-69B0-4E57-8D7D-3E23A2F9C141}.Release|x64.ActiveCfg = Release|Any CPU
		{7E863304-69B0-4E57-8D7D-3E23A2F9C141}.Release|x64.Build.0 = Release|Any CPU
		{7E863304-69B0-4E57-8D7D-3E23A2F9C141}.Release|x86.ActiveCfg = Release|Any CPU
		{7E863304-69B0-4E57-8D7D-3E23A2F9C141}.Release|x86.Build.0 = Release|Any CPU
		{CD83A924-A98C-4614-9BC6-6F94EA758BAA}.Debug|Any CPU.ActiveCfg = Debug|Any CPU
		{CD83A924-A98C-4614-9BC6-6F94EA758BAA}.Debug|Any CPU.Build.0 = Debug|Any CPU
		{CD83A924-A98C-4614-9BC6-6F94EA758BAA}.Debug|x64.ActiveCfg = Debug|Any CPU
		{CD83A924-A98C-4614-9BC6-6F94EA758BAA}.Debug|x64.Build.0 = Debug|Any CPU
		{CD83A924-A98C-4614-9BC6-6F94EA758BAA}.Debug|x86.ActiveCfg = Debug|Any CPU
		{CD83A924-A98C-4614-9BC6-6F94EA758BAA}.Debug|x86.Build.0 = Debug|Any CPU
		{CD83A924-A98C-4614-9BC6-6F94EA758BAA}.Release|Any CPU.ActiveCfg = Release|Any CPU
		{CD83A924-A98C-4614-9BC6-6F94EA758BAA}.Release|Any CPU.Build.0 = Release|Any CPU
		{CD83A924-A98C-4614-9BC6-6F94EA758BAA}.Release|x64.ActiveCfg = Release|Any CPU
		{CD83A924-A98C-4614-9BC6-6F94EA758BAA}.Release|x64.Build.0 = Release|Any CPU
		{CD83A924-A98C-4614-9BC6-6F94EA758BAA}.Release|x86.ActiveCfg = Release|Any CPU
		{CD83A924-A98C-4614-9BC6-6F94EA758BAA}.Release|x86.Build.0 = Release|Any CPU
		{CB8CDE9E-6935-4120-8D8E-249C4DDDDB42}.Debug|Any CPU.ActiveCfg = Debug|Any CPU
		{CB8CDE9E-6935-4120-8D8E-249C4DDDDB42}.Debug|Any CPU.Build.0 = Debug|Any CPU
		{CB8CDE9E-6935-4120-8D8E-249C4DDDDB42}.Debug|x64.ActiveCfg = Debug|Any CPU
		{CB8CDE9E-6935-4120-8D8E-249C4DDDDB42}.Debug|x64.Build.0 = Debug|Any CPU
		{CB8CDE9E-6935-4120-8D8E-249C4DDDDB42}.Debug|x86.ActiveCfg = Debug|Any CPU
		{CB8CDE9E-6935-4120-8D8E-249C4DDDDB42}.Debug|x86.Build.0 = Debug|Any CPU
		{CB8CDE9E-6935-4120-8D8E-249C4DDDDB42}.Release|Any CPU.ActiveCfg = Release|Any CPU
		{CB8CDE9E-6935-4120-8D8E-249C4DDDDB42}.Release|Any CPU.Build.0 = Release|Any CPU
		{CB8CDE9E-6935-4120-8D8E-249C4DDDDB42}.Release|x64.ActiveCfg = Release|Any CPU
		{CB8CDE9E-6935-4120-8D8E-249C4DDDDB42}.Release|x64.Build.0 = Release|Any CPU
		{CB8CDE9E-6935-4120-8D8E-249C4DDDDB42}.Release|x86.ActiveCfg = Release|Any CPU
		{CB8CDE9E-6935-4120-8D8E-249C4DDDDB42}.Release|x86.Build.0 = Release|Any CPU
		{629537F4-2E7A-4D08-B508-73A6728579DA}.Debug|Any CPU.ActiveCfg = Debug|Any CPU
		{629537F4-2E7A-4D08-B508-73A6728579DA}.Debug|Any CPU.Build.0 = Debug|Any CPU
		{629537F4-2E7A-4D08-B508-73A6728579DA}.Debug|x64.ActiveCfg = Debug|Any CPU
		{629537F4-2E7A-4D08-B508-73A6728579DA}.Debug|x64.Build.0 = Debug|Any CPU
		{629537F4-2E7A-4D08-B508-73A6728579DA}.Debug|x86.ActiveCfg = Debug|Any CPU
		{629537F4-2E7A-4D08-B508-73A6728579DA}.Debug|x86.Build.0 = Debug|Any CPU
		{629537F4-2E7A-4D08-B508-73A6728579DA}.Release|Any CPU.ActiveCfg = Release|Any CPU
		{629537F4-2E7A-4D08-B508-73A6728579DA}.Release|Any CPU.Build.0 = Release|Any CPU
		{629537F4-2E7A-4D08-B508-73A6728579DA}.Release|x64.ActiveCfg = Release|Any CPU
		{629537F4-2E7A-4D08-B508-73A6728579DA}.Release|x64.Build.0 = Release|Any CPU
		{629537F4-2E7A-4D08-B508-73A6728579DA}.Release|x86.ActiveCfg = Release|Any CPU
		{629537F4-2E7A-4D08-B508-73A6728579DA}.Release|x86.Build.0 = Release|Any CPU
		{6C7B2275-E566-46DA-ACEB-54785C98FABB}.Debug|Any CPU.ActiveCfg = Debug|Any CPU
		{6C7B2275-E566-46DA-ACEB-54785C98FABB}.Debug|Any CPU.Build.0 = Debug|Any CPU
		{6C7B2275-E566-46DA-ACEB-54785C98FABB}.Debug|x64.ActiveCfg = Debug|Any CPU
		{6C7B2275-E566-46DA-ACEB-54785C98FABB}.Debug|x64.Build.0 = Debug|Any CPU
		{6C7B2275-E566-46DA-ACEB-54785C98FABB}.Debug|x86.ActiveCfg = Debug|Any CPU
		{6C7B2275-E566-46DA-ACEB-54785C98FABB}.Debug|x86.Build.0 = Debug|Any CPU
		{6C7B2275-E566-46DA-ACEB-54785C98FABB}.Release|Any CPU.ActiveCfg = Release|Any CPU
		{6C7B2275-E566-46DA-ACEB-54785C98FABB}.Release|Any CPU.Build.0 = Release|Any CPU
		{6C7B2275-E566-46DA-ACEB-54785C98FABB}.Release|x64.ActiveCfg = Release|Any CPU
		{6C7B2275-E566-46DA-ACEB-54785C98FABB}.Release|x64.Build.0 = Release|Any CPU
		{6C7B2275-E566-46DA-ACEB-54785C98FABB}.Release|x86.ActiveCfg = Release|Any CPU
		{6C7B2275-E566-46DA-ACEB-54785C98FABB}.Release|x86.Build.0 = Release|Any CPU
		{10C2B35B-EDCC-47EC-A885-0E6E2EE5CB79}.Debug|Any CPU.ActiveCfg = Debug|Any CPU
		{10C2B35B-EDCC-47EC-A885-0E6E2EE5CB79}.Debug|Any CPU.Build.0 = Debug|Any CPU
		{10C2B35B-EDCC-47EC-A885-0E6E2EE5CB79}.Debug|x64.ActiveCfg = Debug|Any CPU
		{10C2B35B-EDCC-47EC-A885-0E6E2EE5CB79}.Debug|x64.Build.0 = Debug|Any CPU
		{10C2B35B-EDCC-47EC-A885-0E6E2EE5CB79}.Debug|x86.ActiveCfg = Debug|Any CPU
		{10C2B35B-EDCC-47EC-A885-0E6E2EE5CB79}.Debug|x86.Build.0 = Debug|Any CPU
		{10C2B35B-EDCC-47EC-A885-0E6E2EE5CB79}.Release|Any CPU.ActiveCfg = Release|Any CPU
		{10C2B35B-EDCC-47EC-A885-0E6E2EE5CB79}.Release|Any CPU.Build.0 = Release|Any CPU
		{10C2B35B-EDCC-47EC-A885-0E6E2EE5CB79}.Release|x64.ActiveCfg = Release|Any CPU
		{10C2B35B-EDCC-47EC-A885-0E6E2EE5CB79}.Release|x64.Build.0 = Release|Any CPU
		{10C2B35B-EDCC-47EC-A885-0E6E2EE5CB79}.Release|x86.ActiveCfg = Release|Any CPU
		{10C2B35B-EDCC-47EC-A885-0E6E2EE5CB79}.Release|x86.Build.0 = Release|Any CPU
		{6617F184-151C-442F-90A5-678D7E1EA15C}.Debug|Any CPU.ActiveCfg = Debug|Any CPU
		{6617F184-151C-442F-90A5-678D7E1EA15C}.Debug|Any CPU.Build.0 = Debug|Any CPU
		{6617F184-151C-442F-90A5-678D7E1EA15C}.Debug|x64.ActiveCfg = Debug|Any CPU
		{6617F184-151C-442F-90A5-678D7E1EA15C}.Debug|x64.Build.0 = Debug|Any CPU
		{6617F184-151C-442F-90A5-678D7E1EA15C}.Debug|x86.ActiveCfg = Debug|Any CPU
		{6617F184-151C-442F-90A5-678D7E1EA15C}.Debug|x86.Build.0 = Debug|Any CPU
		{6617F184-151C-442F-90A5-678D7E1EA15C}.Release|Any CPU.ActiveCfg = Release|Any CPU
		{6617F184-151C-442F-90A5-678D7E1EA15C}.Release|Any CPU.Build.0 = Release|Any CPU
		{6617F184-151C-442F-90A5-678D7E1EA15C}.Release|x64.ActiveCfg = Release|Any CPU
		{6617F184-151C-442F-90A5-678D7E1EA15C}.Release|x64.Build.0 = Release|Any CPU
		{6617F184-151C-442F-90A5-678D7E1EA15C}.Release|x86.ActiveCfg = Release|Any CPU
		{6617F184-151C-442F-90A5-678D7E1EA15C}.Release|x86.Build.0 = Release|Any CPU
		{19431398-D85D-43AD-87A4-C990EC01B888}.Debug|Any CPU.ActiveCfg = Debug|Any CPU
		{19431398-D85D-43AD-87A4-C990EC01B888}.Debug|Any CPU.Build.0 = Debug|Any CPU
		{19431398-D85D-43AD-87A4-C990EC01B888}.Debug|x64.ActiveCfg = Debug|Any CPU
		{19431398-D85D-43AD-87A4-C990EC01B888}.Debug|x64.Build.0 = Debug|Any CPU
		{19431398-D85D-43AD-87A4-C990EC01B888}.Debug|x86.ActiveCfg = Debug|Any CPU
		{19431398-D85D-43AD-87A4-C990EC01B888}.Debug|x86.Build.0 = Debug|Any CPU
		{19431398-D85D-43AD-87A4-C990EC01B888}.Release|Any CPU.ActiveCfg = Release|Any CPU
		{19431398-D85D-43AD-87A4-C990EC01B888}.Release|Any CPU.Build.0 = Release|Any CPU
		{19431398-D85D-43AD-87A4-C990EC01B888}.Release|x64.ActiveCfg = Release|Any CPU
		{19431398-D85D-43AD-87A4-C990EC01B888}.Release|x64.Build.0 = Release|Any CPU
		{19431398-D85D-43AD-87A4-C990EC01B888}.Release|x86.ActiveCfg = Release|Any CPU
		{19431398-D85D-43AD-87A4-C990EC01B888}.Release|x86.Build.0 = Release|Any CPU
		{83970F23-E62A-4FB5-87CE-CC4F79EF7205}.Debug|Any CPU.ActiveCfg = Debug|Any CPU
		{83970F23-E62A-4FB5-87CE-CC4F79EF7205}.Debug|Any CPU.Build.0 = Debug|Any CPU
		{83970F23-E62A-4FB5-87CE-CC4F79EF7205}.Debug|x64.ActiveCfg = Debug|Any CPU
		{83970F23-E62A-4FB5-87CE-CC4F79EF7205}.Debug|x64.Build.0 = Debug|Any CPU
		{83970F23-E62A-4FB5-87CE-CC4F79EF7205}.Debug|x86.ActiveCfg = Debug|Any CPU
		{83970F23-E62A-4FB5-87CE-CC4F79EF7205}.Debug|x86.Build.0 = Debug|Any CPU
		{83970F23-E62A-4FB5-87CE-CC4F79EF7205}.Release|Any CPU.ActiveCfg = Release|Any CPU
		{83970F23-E62A-4FB5-87CE-CC4F79EF7205}.Release|Any CPU.Build.0 = Release|Any CPU
		{83970F23-E62A-4FB5-87CE-CC4F79EF7205}.Release|x64.ActiveCfg = Release|Any CPU
		{83970F23-E62A-4FB5-87CE-CC4F79EF7205}.Release|x64.Build.0 = Release|Any CPU
		{83970F23-E62A-4FB5-87CE-CC4F79EF7205}.Release|x86.ActiveCfg = Release|Any CPU
		{83970F23-E62A-4FB5-87CE-CC4F79EF7205}.Release|x86.Build.0 = Release|Any CPU
		{650A4464-9595-4FA0-9101-27F9BED25815}.Debug|Any CPU.ActiveCfg = Debug|Any CPU
		{650A4464-9595-4FA0-9101-27F9BED25815}.Debug|Any CPU.Build.0 = Debug|Any CPU
		{650A4464-9595-4FA0-9101-27F9BED25815}.Debug|x64.ActiveCfg = Debug|Any CPU
		{650A4464-9595-4FA0-9101-27F9BED25815}.Debug|x64.Build.0 = Debug|Any CPU
		{650A4464-9595-4FA0-9101-27F9BED25815}.Debug|x86.ActiveCfg = Debug|Any CPU
		{650A4464-9595-4FA0-9101-27F9BED25815}.Debug|x86.Build.0 = Debug|Any CPU
		{650A4464-9595-4FA0-9101-27F9BED25815}.Release|Any CPU.ActiveCfg = Release|Any CPU
		{650A4464-9595-4FA0-9101-27F9BED25815}.Release|Any CPU.Build.0 = Release|Any CPU
		{650A4464-9595-4FA0-9101-27F9BED25815}.Release|x64.ActiveCfg = Release|Any CPU
		{650A4464-9595-4FA0-9101-27F9BED25815}.Release|x64.Build.0 = Release|Any CPU
		{650A4464-9595-4FA0-9101-27F9BED25815}.Release|x86.ActiveCfg = Release|Any CPU
		{650A4464-9595-4FA0-9101-27F9BED25815}.Release|x86.Build.0 = Release|Any CPU
		{61DDB1C6-D1C9-4829-BBA4-1254AA08E0E7}.Debug|Any CPU.ActiveCfg = Debug|Any CPU
		{61DDB1C6-D1C9-4829-BBA4-1254AA08E0E7}.Debug|Any CPU.Build.0 = Debug|Any CPU
		{61DDB1C6-D1C9-4829-BBA4-1254AA08E0E7}.Debug|x64.ActiveCfg = Debug|Any CPU
		{61DDB1C6-D1C9-4829-BBA4-1254AA08E0E7}.Debug|x64.Build.0 = Debug|Any CPU
		{61DDB1C6-D1C9-4829-BBA4-1254AA08E0E7}.Debug|x86.ActiveCfg = Debug|Any CPU
		{61DDB1C6-D1C9-4829-BBA4-1254AA08E0E7}.Debug|x86.Build.0 = Debug|Any CPU
		{61DDB1C6-D1C9-4829-BBA4-1254AA08E0E7}.Release|Any CPU.ActiveCfg = Release|Any CPU
		{61DDB1C6-D1C9-4829-BBA4-1254AA08E0E7}.Release|Any CPU.Build.0 = Release|Any CPU
		{61DDB1C6-D1C9-4829-BBA4-1254AA08E0E7}.Release|x64.ActiveCfg = Release|Any CPU
		{61DDB1C6-D1C9-4829-BBA4-1254AA08E0E7}.Release|x64.Build.0 = Release|Any CPU
		{61DDB1C6-D1C9-4829-BBA4-1254AA08E0E7}.Release|x86.ActiveCfg = Release|Any CPU
		{61DDB1C6-D1C9-4829-BBA4-1254AA08E0E7}.Release|x86.Build.0 = Release|Any CPU
		{9AE61545-2177-4917-9356-593C106E59D4}.Debug|Any CPU.ActiveCfg = Debug|Any CPU
		{9AE61545-2177-4917-9356-593C106E59D4}.Debug|Any CPU.Build.0 = Debug|Any CPU
		{9AE61545-2177-4917-9356-593C106E59D4}.Debug|x64.ActiveCfg = Debug|Any CPU
		{9AE61545-2177-4917-9356-593C106E59D4}.Debug|x64.Build.0 = Debug|Any CPU
		{9AE61545-2177-4917-9356-593C106E59D4}.Debug|x86.ActiveCfg = Debug|Any CPU
		{9AE61545-2177-4917-9356-593C106E59D4}.Debug|x86.Build.0 = Debug|Any CPU
		{9AE61545-2177-4917-9356-593C106E59D4}.Release|Any CPU.ActiveCfg = Release|Any CPU
		{9AE61545-2177-4917-9356-593C106E59D4}.Release|Any CPU.Build.0 = Release|Any CPU
		{9AE61545-2177-4917-9356-593C106E59D4}.Release|x64.ActiveCfg = Release|Any CPU
		{9AE61545-2177-4917-9356-593C106E59D4}.Release|x64.Build.0 = Release|Any CPU
		{9AE61545-2177-4917-9356-593C106E59D4}.Release|x86.ActiveCfg = Release|Any CPU
		{9AE61545-2177-4917-9356-593C106E59D4}.Release|x86.Build.0 = Release|Any CPU
		{BB03D98C-1D88-4E48-B362-3AE7580CACA1}.Debug|Any CPU.ActiveCfg = Debug|Any CPU
		{BB03D98C-1D88-4E48-B362-3AE7580CACA1}.Debug|Any CPU.Build.0 = Debug|Any CPU
		{BB03D98C-1D88-4E48-B362-3AE7580CACA1}.Debug|x64.ActiveCfg = Debug|Any CPU
		{BB03D98C-1D88-4E48-B362-3AE7580CACA1}.Debug|x64.Build.0 = Debug|Any CPU
		{BB03D98C-1D88-4E48-B362-3AE7580CACA1}.Debug|x86.ActiveCfg = Debug|Any CPU
		{BB03D98C-1D88-4E48-B362-3AE7580CACA1}.Debug|x86.Build.0 = Debug|Any CPU
		{BB03D98C-1D88-4E48-B362-3AE7580CACA1}.Release|Any CPU.ActiveCfg = Release|Any CPU
		{BB03D98C-1D88-4E48-B362-3AE7580CACA1}.Release|Any CPU.Build.0 = Release|Any CPU
		{BB03D98C-1D88-4E48-B362-3AE7580CACA1}.Release|x64.ActiveCfg = Release|Any CPU
		{BB03D98C-1D88-4E48-B362-3AE7580CACA1}.Release|x64.Build.0 = Release|Any CPU
		{BB03D98C-1D88-4E48-B362-3AE7580CACA1}.Release|x86.ActiveCfg = Release|Any CPU
		{BB03D98C-1D88-4E48-B362-3AE7580CACA1}.Release|x86.Build.0 = Release|Any CPU
		{87DA2A34-3C72-4C2D-8CD4-345A605F98DB}.Debug|Any CPU.ActiveCfg = Debug|Any CPU
		{87DA2A34-3C72-4C2D-8CD4-345A605F98DB}.Debug|Any CPU.Build.0 = Debug|Any CPU
		{87DA2A34-3C72-4C2D-8CD4-345A605F98DB}.Debug|x64.ActiveCfg = Debug|Any CPU
		{87DA2A34-3C72-4C2D-8CD4-345A605F98DB}.Debug|x64.Build.0 = Debug|Any CPU
		{87DA2A34-3C72-4C2D-8CD4-345A605F98DB}.Debug|x86.ActiveCfg = Debug|Any CPU
		{87DA2A34-3C72-4C2D-8CD4-345A605F98DB}.Debug|x86.Build.0 = Debug|Any CPU
		{87DA2A34-3C72-4C2D-8CD4-345A605F98DB}.Release|Any CPU.ActiveCfg = Release|Any CPU
		{87DA2A34-3C72-4C2D-8CD4-345A605F98DB}.Release|Any CPU.Build.0 = Release|Any CPU
		{87DA2A34-3C72-4C2D-8CD4-345A605F98DB}.Release|x64.ActiveCfg = Release|Any CPU
		{87DA2A34-3C72-4C2D-8CD4-345A605F98DB}.Release|x64.Build.0 = Release|Any CPU
		{87DA2A34-3C72-4C2D-8CD4-345A605F98DB}.Release|x86.ActiveCfg = Release|Any CPU
		{87DA2A34-3C72-4C2D-8CD4-345A605F98DB}.Release|x86.Build.0 = Release|Any CPU
	EndGlobalSection
	GlobalSection(SolutionProperties) = preSolution
		HideSolutionNode = FALSE
	EndGlobalSection
	GlobalSection(NestedProjects) = preSolution
		{C8E42992-5E42-0C2B-DBFE-AA848D06431C} = {827E0CD3-B72D-47B6-A68D-7590B98EB39B}
		{D8D01807-D3F4-4389-9426-387411EA5EA0} = {C8E42992-5E42-0C2B-DBFE-AA848D06431C}
		{0F454BC9-8FB8-425C-90DA-B79DB2E5E09E} = {C8E42992-5E42-0C2B-DBFE-AA848D06431C}
		{6EE9748E-0A66-470C-9961-01C681BCA564} = {C8E42992-5E42-0C2B-DBFE-AA848D06431C}
		{3E890078-D17C-45EE-9B31-3F0BE066C31E} = {C8E42992-5E42-0C2B-DBFE-AA848D06431C}
		{9305D083-E5A4-47B6-B3D3-B40EAF973C83} = {C8E42992-5E42-0C2B-DBFE-AA848D06431C}
		{984BB9B3-3FA3-BE33-9484-CAC21695A33C} = {827E0CD3-B72D-47B6-A68D-7590B98EB39B}
		{473EF3C4-73FA-6715-AA3C-7C7929374EED} = {984BB9B3-3FA3-BE33-9484-CAC21695A33C}
		{20455E29-6556-4FF9-8D7A-EFA4571088BB} = {473EF3C4-73FA-6715-AA3C-7C7929374EED}
		{7E863304-69B0-4E57-8D7D-3E23A2F9C141} = {473EF3C4-73FA-6715-AA3C-7C7929374EED}
		{CD83A924-A98C-4614-9BC6-6F94EA758BAA} = {473EF3C4-73FA-6715-AA3C-7C7929374EED}
		{CB8CDE9E-6935-4120-8D8E-249C4DDDDB42} = {473EF3C4-73FA-6715-AA3C-7C7929374EED}
		{41E338FB-065E-69DD-AFA9-E0BE7D46B2E7} = {984BB9B3-3FA3-BE33-9484-CAC21695A33C}
		{629537F4-2E7A-4D08-B508-73A6728579DA} = {41E338FB-065E-69DD-AFA9-E0BE7D46B2E7}
		{6C7B2275-E566-46DA-ACEB-54785C98FABB} = {41E338FB-065E-69DD-AFA9-E0BE7D46B2E7}
		{10C2B35B-EDCC-47EC-A885-0E6E2EE5CB79} = {41E338FB-065E-69DD-AFA9-E0BE7D46B2E7}
		{6617F184-151C-442F-90A5-678D7E1EA15C} = {41E338FB-065E-69DD-AFA9-E0BE7D46B2E7}
		{4C902802-2FC6-EF27-4074-A21717AF62F0} = {984BB9B3-3FA3-BE33-9484-CAC21695A33C}
		{19431398-D85D-43AD-87A4-C990EC01B888} = {4C902802-2FC6-EF27-4074-A21717AF62F0}
		{83970F23-E62A-4FB5-87CE-CC4F79EF7205} = {4C902802-2FC6-EF27-4074-A21717AF62F0}
		{650A4464-9595-4FA0-9101-27F9BED25815} = {4C902802-2FC6-EF27-4074-A21717AF62F0}
		{61DDB1C6-D1C9-4829-BBA4-1254AA08E0E7} = {4C902802-2FC6-EF27-4074-A21717AF62F0}
		{00B920E4-100F-D869-D8B1-04B3A2ED45DA} = {827E0CD3-B72D-47B6-A68D-7590B98EB39B}
		{9AE61545-2177-4917-9356-593C106E59D4} = {00B920E4-100F-D869-D8B1-04B3A2ED45DA}
		{BB03D98C-1D88-4E48-B362-3AE7580CACA1} = {0AB3BF05-4346-4AA6-1389-037BE0695223}
		{87DA2A34-3C72-4C2D-8CD4-345A605F98DB} = {0AB3BF05-4346-4AA6-1389-037BE0695223}
	EndGlobalSection
EndGlobal
